{
  "nodes": {
    "flake-parts": {
      "inputs": {
        "nixpkgs-lib": "nixpkgs-lib"
      },
      "locked": {
        "lastModified": 1717285511,
        "narHash": "sha256-iKzJcpdXih14qYVcZ9QC9XuZYnPc6T8YImb6dX166kw=",
        "owner": "hercules-ci",
        "repo": "flake-parts",
        "rev": "2a55567fcf15b1b1c7ed712a2c6fadaec7412ea8",
        "type": "github"
      },
      "original": {
        "owner": "hercules-ci",
        "repo": "flake-parts",
        "type": "github"
      }
    },
    "flake-utils": {
      "inputs": {
        "systems": "systems"
      },
      "locked": {
        "lastModified": 1701680307,
        "narHash": "sha256-kAuep2h5ajznlPMD9rnQyffWG8EM/C73lejGofXvdM8=",
        "owner": "numtide",
        "repo": "flake-utils",
        "rev": "4022d587cbbfd70fe950c1e2083a02621806a725",
        "type": "github"
      },
      "original": {
        "owner": "numtide",
        "repo": "flake-utils",
        "type": "github"
      }
    },
    "lobster": {
      "inputs": {
        "flake-utils": "flake-utils",
        "nixpkgs": "nixpkgs"
      },
      "locked": {
        "lastModified": 1717754751,
        "narHash": "sha256-8hODt9vSVNnK1UK8vh1GP6+H4h1g37h3xc9VTQQWXYw=",
        "owner": "justchokingaround",
        "repo": "lobster",
        "rev": "cff0995afb09c4e98d8fc5ddf7599e1f4617504a",
        "type": "github"
      },
      "original": {
        "owner": "justchokingaround",
        "repo": "lobster",
        "type": "github"
      }
    },
    "nix-citizen": {
      "inputs": {
        "nix-gaming": [
          "nix-gaming"
        ],
        "nix-github-actions": "nix-github-actions",
        "nixpkgs": "nixpkgs_2",
        "systems": "systems_2",
        "treefmt-nix": "treefmt-nix"
      },
      "locked": {
        "lastModified": 1717775081,
        "narHash": "sha256-D8E25FJ3sUnEpK7KZs4F07QI+C3ORwklc9QRLRHnnm0=",
        "owner": "LovingMelody",
        "repo": "nix-citizen",
        "rev": "dcc65e3e76f926fb6cb81bf903a6ffc7bdaa84aa",
        "type": "github"
      },
      "original": {
        "owner": "LovingMelody",
        "repo": "nix-citizen",
        "type": "github"
      }
    },
    "nix-gaming": {
      "inputs": {
        "flake-parts": "flake-parts",
        "nixpkgs": "nixpkgs_3"
      },
      "locked": {
        "lastModified": 1718328127,
        "narHash": "sha256-2ldscRIlStuv/fRmifXbvjlMpyVuy8Z9zhiDBRM6oe0=",
        "owner": "fufexan",
        "repo": "nix-gaming",
        "rev": "2c9a664875b410d12282fed9043f4703b6fdb029",
        "type": "github"
      },
      "original": {
        "owner": "fufexan",
        "repo": "nix-gaming",
        "type": "github"
      }
    },
    "nix-github-actions": {
      "inputs": {
        "nixpkgs": [
          "nix-citizen",
          "nixpkgs"
        ]
      },
      "locked": {
        "lastModified": 1703863825,
        "narHash": "sha256-rXwqjtwiGKJheXB43ybM8NwWB8rO2dSRrEqes0S7F5Y=",
        "owner": "nix-community",
        "repo": "nix-github-actions",
        "rev": "5163432afc817cf8bd1f031418d1869e4c9d5547",
        "type": "github"
      },
      "original": {
        "owner": "nix-community",
        "repo": "nix-github-actions",
        "type": "github"
      }
    },
    "nixpkgs": {
      "locked": {
        "lastModified": 1703961334,
        "narHash": "sha256-M1mV/Cq+pgjk0rt6VxoyyD+O8cOUiai8t9Q6Yyq4noY=",
        "owner": "nixos",
        "repo": "nixpkgs",
        "rev": "b0d36bd0a420ecee3bc916c91886caca87c894e9",
        "type": "github"
      },
      "original": {
        "owner": "nixos",
        "ref": "nixos-unstable",
        "repo": "nixpkgs",
        "type": "github"
      }
    },
    "nixpkgs-lib": {
      "locked": {
        "lastModified": 1717284937,
        "narHash": "sha256-lIbdfCsf8LMFloheeE6N31+BMIeixqyQWbSr2vk79EQ=",
        "type": "tarball",
        "url": "https://github.com/NixOS/nixpkgs/archive/eb9ceca17df2ea50a250b6b27f7bf6ab0186f198.tar.gz"
      },
      "original": {
        "type": "tarball",
        "url": "https://github.com/NixOS/nixpkgs/archive/eb9ceca17df2ea50a250b6b27f7bf6ab0186f198.tar.gz"
      }
    },
    "nixpkgs_2": {
      "locked": {
        "lastModified": 1717646450,
        "narHash": "sha256-KE+UmfSVk5PG8jdKdclPVcMrUB8yVZHbsjo7ZT1Bm3c=",
        "owner": "NixOS",
        "repo": "nixpkgs",
        "rev": "818dbe2f96df233d2041739d6079bb616d3e5597",
        "type": "github"
      },
      "original": {
        "owner": "NixOS",
        "ref": "nixpkgs-unstable",
        "repo": "nixpkgs",
        "type": "github"
      }
    },
    "nixpkgs_3": {
      "locked": {
        "lastModified": 1717774105,
        "narHash": "sha256-HV97wqUQv9wvptiHCb3Y0/YH0lJ60uZ8FYfEOIzYEqI=",
        "owner": "NixOS",
        "repo": "nixpkgs",
        "rev": "d226935fd75012939397c83f6c385e4d6d832288",
        "type": "github"
      },
      "original": {
        "owner": "NixOS",
        "ref": "nixpkgs-unstable",
        "repo": "nixpkgs",
        "type": "github"
      }
    },
    "nixpkgs_4": {
      "locked": {
        "lastModified": 1718318537,
        "narHash": "sha256-4Zu0RYRcAY/VWuu6awwq4opuiD//ahpc2aFHg2CWqFY=",
        "owner": "NixOS",
        "repo": "nixpkgs",
        "rev": "e9ee548d90ff586a6471b4ae80ae9cfcbceb3420",
        "type": "github"
      },
      "original": {
        "owner": "NixOS",
        "ref": "nixos-unstable",
        "repo": "nixpkgs",
        "type": "github"
      }
    },
    "root": {
      "inputs": {
        "lobster": "lobster",
        "nix-citizen": "nix-citizen",
        "nix-gaming": "nix-gaming",
        "nixpkgs": "nixpkgs_4"
      }
    },
    "systems": {
      "locked": {
        "lastModified": 1681028828,
        "narHash": "sha256-Vy1rq5AaRuLzOxct8nz4T6wlgyUR7zLU309k9mBC768=",
        "owner": "nix-systems",
        "repo": "default",
        "rev": "da67096a3b9bf56a91d16901293e51ba5b49a27e",
        "type": "github"
      },
      "original": {
        "owner": "nix-systems",
        "repo": "default",
        "type": "github"
      }
    },
    "systems_2": {
      "locked": {
        "lastModified": 1681028828,
        "narHash": "sha256-Vy1rq5AaRuLzOxct8nz4T6wlgyUR7zLU309k9mBC768=",
        "path": "/nix/store/yj1wxm9hh8610iyzqnz75kvs6xl8j3my-source",
        "rev": "da67096a3b9bf56a91d16901293e51ba5b49a27e",
        "type": "path"
      },
      "original": {
        "id": "systems",
        "type": "indirect"
      }
    },
    "treefmt-nix": {
      "inputs": {
        "nixpkgs": [
          "nix-citizen",
          "nixpkgs"
        ]
      },
      "locked": {
        "lastModified": 1717278143,
        "narHash": "sha256-u10aDdYrpiGOLoxzY/mJ9llST9yO8Q7K/UlROoNxzDw=",
        "owner": "numtide",
        "repo": "treefmt-nix",
        "rev": "3eb96ca1ae9edf792a8e0963cc92fddfa5a87706",
        "type": "github"
      },
      "original": {
        "owner": "numtide",
        "repo": "treefmt-nix",
        "type": "github"
      }
    }
  },
  "root": "root",
  "version": 7
}
